
Microsoft Visual Studio Solution File, Format Version 12.00
# Visual Studio Version 17
VisualStudioVersion = 17.14.36414.22 d17.14
MinimumVisualStudioVersion = 10.0.40219.1
Project("{FAE04EC0-301F-11D3-BF4B-00C04F79EFBC}") = "2312583_TGBao_ThietKeForm", "2312583_TGBao_ThietKeForm\2312583_TGBao_ThietKeForm.csproj", "{4F614C0A-3BE7-4561-BC1D-DBA7F69329F0}"
EndProject
Global
	GlobalSection(SolutionConfigurationPlatforms) = preSolution
		Debug|Any CPU = Debug|Any CPU
		Release|Any CPU = Release|Any CPU
	EndGlobalSection
	GlobalSection(ProjectConfigurationPlatforms) = postSolution
		{4F614C0A-3BE7-4561-BC1D-DBA7F69329F0}.Debug|Any CPU.ActiveCfg = Debug|Any CPU
		{4F614C0A-3BE7-4561-BC1D-DBA7F69329F0}.Debug|Any CPU.Build.0 = Debug|Any CPU
		{4F614C0A-3BE7-4561-BC1D-DBA7F69329F0}.Release|Any CPU.ActiveCfg = Release|Any CPU
		{4F614C0A-3BE7-4561-BC1D-DBA7F69329F0}.Release|Any CPU.Build.0 = Release|Any CPU
	EndGlobalSection
	GlobalSection(SolutionProperties) = preSolution
		HideSolutionNode = FALSE
	EndGlobalSection
	GlobalSection(ExtensibilityGlobals) = postSolution
		SolutionGuid = {DCBD577B-7B43-4854-8B10-E6CE069CB814}
	EndGlobalSection
EndGlobal
